
Microsoft Visual Studio Solution File, Format Version 12.00
# Visual Studio 15
VisualStudioVersion = 15.0.26730.16
MinimumVisualStudioVersion = 10.0.40219.1
Project("{FAE04EC0-301F-11D3-BF4B-00C04F79EFBC}") = "TravelExperts", "TravelExperts\TravelExperts.csproj", "{49149F5C-D7EF-4E22-80BD-5094DBE65BED}"
EndProject
Project("{FAE04EC0-301F-11D3-BF4B-00C04F79EFBC}") = "Data", "Data\Data.csproj", "{60B3276B-5A10-4232-AB36-F7FC7C8237A7}"
EndProject
Project("{FAE04EC0-301F-11D3-BF4B-00C04F79EFBC}") = "CustomerDashboard", "CustomerDashboard\CustomerDashboard.csproj", "{2D9C775B-7090-46E6-B310-DD076D747CE0}"
EndProject
Global
	GlobalSection(SolutionConfigurationPlatforms) = preSolution
		Debug|Any CPU = Debug|Any CPU
		Release|Any CPU = Release|Any CPU
	EndGlobalSection
	GlobalSection(ProjectConfigurationPlatforms) = postSolution
		{49149F5C-D7EF-4E22-80BD-5094DBE65BED}.Debug|Any CPU.ActiveCfg = Debug|Any CPU
		{49149F5C-D7EF-4E22-80BD-5094DBE65BED}.Debug|Any CPU.Build.0 = Debug|Any CPU
		{49149F5C-D7EF-4E22-80BD-5094DBE65BED}.Release|Any CPU.ActiveCfg = Release|Any CPU
		{49149F5C-D7EF-4E22-80BD-5094DBE65BED}.Release|Any CPU.Build.0 = Release|Any CPU
		{60B3276B-5A10-4232-AB36-F7FC7C8237A7}.Debug|Any CPU.ActiveCfg = Debug|Any CPU
		{60B3276B-5A10-4232-AB36-F7FC7C8237A7}.Debug|Any CPU.Build.0 = Debug|Any CPU
		{60B3276B-5A10-4232-AB36-F7FC7C8237A7}.Release|Any CPU.ActiveCfg = Release|Any CPU
		{60B3276B-5A10-4232-AB36-F7FC7C8237A7}.Release|Any CPU.Build.0 = Release|Any CPU
		{2D9C775B-7090-46E6-B310-DD076D747CE0}.Debug|Any CPU.ActiveCfg = Debug|Any CPU
		{2D9C775B-7090-46E6-B310-DD076D747CE0}.Debug|Any CPU.Build.0 = Debug|Any CPU
		{2D9C775B-7090-46E6-B310-DD076D747CE0}.Release|Any CPU.ActiveCfg = Release|Any CPU
		{2D9C775B-7090-46E6-B310-DD076D747CE0}.Release|Any CPU.Build.0 = Release|Any CPU
	EndGlobalSection
	GlobalSection(SolutionProperties) = preSolution
		HideSolutionNode = FALSE
	EndGlobalSection
	GlobalSection(ExtensibilityGlobals) = postSolution
		SolutionGuid = {353F64A9-609A-493B-9958-9F810D7B3263}
	EndGlobalSection
EndGlobal
